
Microsoft Visual Studio Solution File, Format Version 12.00
# Visual Studio 15
VisualStudioVersion = 15.0.27703.2047
MinimumVisualStudioVersion = 10.0.40219.1
Project("{FAE04EC0-301F-11D3-BF4B-00C04F79EFBC}") = "Reports", "Reports\Reports.csproj", "{72FB6AF8-28A0-4A3E-BDE6-6747E1493C1B}"
EndProject
Global
	GlobalSection(SolutionConfigurationPlatforms) = preSolution
		Debug|Any CPU = Debug|Any CPU
		Release|Any CPU = Release|Any CPU
	EndGlobalSection
	GlobalSection(ProjectConfigurationPlatforms) = postSolution
		{72FB6AF8-28A0-4A3E-BDE6-6747E1493C1B}.Debug|Any CPU.ActiveCfg = Debug|Any CPU
		{72FB6AF8-28A0-4A3E-BDE6-6747E1493C1B}.Debug|Any CPU.Build.0 = Debug|Any CPU
		{72FB6AF8-28A0-4A3E-BDE6-6747E1493C1B}.Release|Any CPU.ActiveCfg = Release|Any CPU
		{72FB6AF8-28A0-4A3E-BDE6-6747E1493C1B}.Release|Any CPU.Build.0 = Release|Any CPU
	EndGlobalSection
	GlobalSection(SolutionProperties) = preSolution
		HideSolutionNode = FALSE
	EndGlobalSection
	GlobalSection(ExtensibilityGlobals) = postSolution
		SolutionGuid = {4FDC4EFF-5D5A-447A-BD2A-5F8272A014AD}
	EndGlobalSection
EndGlobal
